
Microsoft Visual Studio Solution File, Format Version 12.00
# Visual Studio 14
VisualStudioVersion = 14.0.25420.1
MinimumVisualStudioVersion = 10.0.40219.1
Project("{FAE04EC0-301F-11D3-BF4B-00C04F79EFBC}") = "Symbiote.Plugin.Connector.Example", "Symbiote.Plugin.Connector.Example\Symbiote.Plugin.Connector.Example.csproj", "{7BEF95DB-C014-46D2-9D84-7B3DA66E2608}"
EndProject
Project("{FAE04EC0-301F-11D3-BF4B-00C04F79EFBC}") = "Symbiote.Plugin.Connector.Example.Tests", "Symbiote.Plugin.Connector.Example.Tests\Symbiote.Plugin.Connector.Example.Tests.csproj", "{1A93454D-540B-4357-8100-E77A02CDCC1D}"
EndProject
Project("{2150E333-8FDC-42A3-9474-1A3956D46DE8}") = "Solution Items", "Solution Items", "{7634493B-0936-44AF-BB9A-52B2E9461B8A}"
	ProjectSection(SolutionItems) = preProject
		.gitignore = .gitignore
		LICENSE = LICENSE
		README.md = README.md
	EndProjectSection
EndProject
Global
	GlobalSection(SolutionConfigurationPlatforms) = preSolution
		Debug|Any CPU = Debug|Any CPU
		Release|Any CPU = Release|Any CPU
	EndGlobalSection
	GlobalSection(ProjectConfigurationPlatforms) = postSolution
		{7BEF95DB-C014-46D2-9D84-7B3DA66E2608}.Debug|Any CPU.ActiveCfg = Debug|Any CPU
		{7BEF95DB-C014-46D2-9D84-7B3DA66E2608}.Debug|Any CPU.Build.0 = Debug|Any CPU
		{7BEF95DB-C014-46D2-9D84-7B3DA66E2608}.Release|Any CPU.ActiveCfg = Release|Any CPU
		{7BEF95DB-C014-46D2-9D84-7B3DA66E2608}.Release|Any CPU.Build.0 = Release|Any CPU
		{1A93454D-540B-4357-8100-E77A02CDCC1D}.Debug|Any CPU.ActiveCfg = Debug|Any CPU
		{1A93454D-540B-4357-8100-E77A02CDCC1D}.Debug|Any CPU.Build.0 = Debug|Any CPU
		{1A93454D-540B-4357-8100-E77A02CDCC1D}.Release|Any CPU.ActiveCfg = Release|Any CPU
		{1A93454D-540B-4357-8100-E77A02CDCC1D}.Release|Any CPU.Build.0 = Release|Any CPU
	EndGlobalSection
	GlobalSection(SolutionProperties) = preSolution
		HideSolutionNode = FALSE
	EndGlobalSection
EndGlobal
